# THIS IS AN AUTOGENERATED FILE. DO NOT EDIT THIS FILE DIRECTLY.
# yarn lockfile v1


"@babel/runtime@^7.6.2", "@babel/runtime@7.9.6":
  "integrity" "sha512-64AF1xY3OAkFHqOb9s4jpgk1Mm5vDZ4L3acHvAml+53nO1XbXLuDodsVpO4OIUsmemlUHMxNdYMNJmsvOwLrvQ=="
  "resolved" "https://registry.npmjs.org/@babel/runtime/-/runtime-7.9.6.tgz"
  "version" "7.9.6"
  dependencies:
    "regenerator-runtime" "^0.13.4"

"@formatjs/ecma402-abstract@1.11.4":
  "integrity" "sha512-EBikYFp2JCdIfGEb5G9dyCkTGDmC57KSHhRQOC3aYxoPWVZvfWCDjZwkGYHN7Lis/fmuWl906bnNTJifDQ3sXw=="
  "resolved" "https://registry.npmjs.org/@formatjs/ecma402-abstract/-/ecma402-abstract-1.11.4.tgz"
  "version" "1.11.4"
  dependencies:
    "@formatjs/intl-localematcher" "0.2.25"
    "tslib" "^2.1.0"

"@formatjs/fast-memoize@1.2.1":
  "integrity" "sha512-Rg0e76nomkz3vF9IPlKeV+Qynok0r7YZjL6syLz4/urSg0IbjPZCB/iYUMNsYA643gh4mgrX3T7KEIFIxJBQeg=="
  "resolved" "https://registry.npmjs.org/@formatjs/fast-memoize/-/fast-memoize-1.2.1.tgz"
  "version" "1.2.1"
  dependencies:
    "tslib" "^2.1.0"

"@formatjs/icu-messageformat-parser@2.0.19":
  "integrity" "sha512-8HsLm9YLyVVIDMyBJb7wmve2wGd461cUwJ470eUog5YH5ZsF4p5lgvaJ+oGKxz1mrSMNNdDHU9v/NDsS+z+ilg=="
  "resolved" "https://registry.npmjs.org/@formatjs/icu-messageformat-parser/-/icu-messageformat-parser-2.0.19.tgz"
  "version" "2.0.19"
  dependencies:
    "@formatjs/ecma402-abstract" "1.11.4"
    "@formatjs/icu-skeleton-parser" "1.3.6"
    "tslib" "^2.1.0"

"@formatjs/icu-skeleton-parser@1.3.6":
  "integrity" "sha512-I96mOxvml/YLrwU2Txnd4klA7V8fRhb6JG/4hm3VMNmeJo1F03IpV2L3wWt7EweqNLES59SZ4d6hVOPCSf80Bg=="
  "resolved" "https://registry.npmjs.org/@formatjs/icu-skeleton-parser/-/icu-skeleton-parser-1.3.6.tgz"
  "version" "1.3.6"
  dependencies:
    "@formatjs/ecma402-abstract" "1.11.4"
    "tslib" "^2.1.0"

"@formatjs/intl-localematcher@0.2.25":
  "integrity" "sha512-YmLcX70BxoSopLFdLr1Ds99NdlTI2oWoLbaUW2M406lxOIPzE1KQhRz2fPUkq34xVZQaihCoU29h0KK7An3bhA=="
  "resolved" "https://registry.npmjs.org/@formatjs/intl-localematcher/-/intl-localematcher-0.2.25.tgz"
  "version" "0.2.25"
  dependencies:
    "tslib" "^2.1.0"

"@internationalized/date@3.0.0-alpha.3":
  "integrity" "sha512-lfUzsXEXNLSR5zmBlwBlNcawrJ8V+u9+JCyoTX76KAEuiHlKtk5wE7S0fMf1WllFHWdrENqy7LbN00FC3HhADQ=="
  "resolved" "https://registry.npmjs.org/@internationalized/date/-/date-3.0.0-alpha.3.tgz"
  "version" "3.0.0-alpha.3"
  dependencies:
    "@babel/runtime" "^7.6.2"

"@internationalized/date@3.0.0-alpha.4":
  "integrity" "sha512-kOJh6ugw8xraC46MLIQq8Cu+FyeCJKuHfY4eQPHkz4rPJmOiPGT0xYTYXqQHWcdFiwYSLNGvk/1DAMN7qRY1EA=="
  "resolved" "https://registry.npmjs.org/@internationalized/date/-/date-3.0.0-alpha.4.tgz"
  "version" "3.0.0-alpha.4"
  dependencies:
    "@babel/runtime" "^7.6.2"

"@internationalized/message@^3.0.5":
  "integrity" "sha512-DMQ9nQHr9XlP8Z0gCCaQ1j8ReuVGW5YrV+ZEMQLoGlHAg+mVILlZPIAgwB/5l3hi6xUIGQovMqpnGT3AypX1ig=="
  "resolved" "https://registry.npmjs.org/@internationalized/message/-/message-3.0.5.tgz"
  "version" "3.0.5"
  dependencies:
    "@babel/runtime" "^7.6.2"
    "intl-messageformat" "^9.6.12"

"@internationalized/number@^3.0.5", "@internationalized/number@^3.0.6":
  "integrity" "sha512-6rKYYY/7V2rm45gg9ugV7VAV/1p5mHudgc1QJxJAdSddRWKz9RmSemV02pwE4k0mbsgvRRsqin7NgEb3LQFX9A=="
  "resolved" "https://registry.npmjs.org/@internationalized/number/-/number-3.0.6.tgz"
  "version" "3.0.6"
  dependencies:
    "@babel/runtime" "^7.6.2"

"@next/env@12.1.4":
  "integrity" "sha512-7gQwotJDKnfMxxXd8xJ2vsX5AzyDxO3zou0+QOXX8/unypA6icw5+wf6A62yKZ6qQ4UZHHxS68pb6UV+wNneXg=="
  "resolved" "https://registry.npmjs.org/@next/env/-/env-12.1.4.tgz"
  "version" "12.1.4"

"@next/swc-linux-x64-gnu@12.1.4":
  "integrity" "sha512-nM+MA/frxlTLUKLJKorctdI20/ugfHRjVEEkcLp/58LGG7slNaP1E5d5dRA1yX6ISjPcQAkywas5VlGCg+uTvA=="
  "resolved" "https://registry.npmjs.org/@next/swc-linux-x64-gnu/-/swc-linux-x64-gnu-12.1.4.tgz"
  "version" "12.1.4"

"@next/swc-linux-x64-musl@12.1.4":
  "integrity" "sha512-GoRHxkuW4u4yKw734B9SzxJwVdyEJosaZ62P7ifOwcujTxhgBt3y76V2nNUrsSuopcKI2ZTDjaa+2wd5zyeXbA=="
  "resolved" "https://registry.npmjs.org/@next/swc-linux-x64-musl/-/swc-linux-x64-musl-12.1.4.tgz"
  "version" "12.1.4"

"@nextui-org/react@^1.0.7-beta.5":
  "integrity" "sha512-s311Qlmgkf4N3bHiKpdhYfNjVrRrTHAIxCJlR4dn16EJpgDeTw7GhgHMheP8f3IVmQTdkqgPX+yUa7J1Ds+1Ng=="
  "resolved" "https://registry.npmjs.org/@nextui-org/react/-/react-1.0.7-beta.5.tgz"
  "version" "1.0.7-beta.5"
  dependencies:
    "@babel/runtime" "7.9.6"
    "@react-aria/button" "3.4.3"
    "@react-aria/checkbox" "3.3.0"
    "@react-aria/focus" "3.5.1"
    "@react-aria/i18n" "3.3.6"
    "@react-aria/interactions" "3.8.0"
    "@react-aria/label" "3.2.2"
    "@react-aria/ssr" "3.1.2"
    "@react-aria/table" "3.2.1"
    "@react-aria/utils" "3.11.1"
    "@react-aria/visually-hidden" "3.2.4"
    "@react-stately/data" "3.4.5"
    "@react-stately/table" "3.1.1"
    "@react-stately/toggle" "3.2.4"
    "@react-types/button" "^3.4.4"
    "@react-types/checkbox" "3.2.6"
    "@react-types/grid" "3.0.1"
    "@react-types/shared" "3.11.0"
    "@stitches/react" "1.2.7"

"@react-aria/button@3.4.3":
  "integrity" "sha512-OMUuMu9UrBPv89DtAytRKDjD1YYkBY+Q2BCDs0OkRC1wjuWagCXji/f7ro7p6BSccIDRBdE6Lsi9OZmSJeTcqw=="
  "resolved" "https://registry.npmjs.org/@react-aria/button/-/button-3.4.3.tgz"
  "version" "3.4.3"
  dependencies:
    "@babel/runtime" "^7.6.2"
    "@react-aria/focus" "^3.5.4"
    "@react-aria/interactions" "^3.8.3"
    "@react-aria/utils" "^3.11.3"
    "@react-stately/toggle" "^3.2.6"
    "@react-types/button" "^3.4.4"

"@react-aria/checkbox@3.3.0":
  "integrity" "sha512-0PVUYoflY4iVnFkn/fFKUDZSluNCZ8wO4M2bXhklbc7LneOw6uZbx9DkRrbk1bqLFLlJzoTAXmy1eXtNASZ9Gg=="
  "resolved" "https://registry.npmjs.org/@react-aria/checkbox/-/checkbox-3.3.0.tgz"
  "version" "3.3.0"
  dependencies:
    "@babel/runtime" "^7.6.2"
    "@react-aria/label" "^3.2.2"
    "@react-aria/toggle" "^3.2.0"
    "@react-aria/utils" "^3.11.1"
    "@react-stately/checkbox" "^3.0.4"
    "@react-stately/toggle" "^3.2.4"
    "@react-types/checkbox" "^3.2.4"

"@react-aria/focus@^3.5.1", "@react-aria/focus@3.5.1":
  "integrity" "sha512-8TTlxekumLxFZo0GELVUDCv6olQTMlGtobeGNaf0MVoonGz5oukjjPa3DB+PZRxMduTotRlniqpejnZi4fzMDw=="
  "resolved" "https://registry.npmjs.org/@react-aria/focus/-/focus-3.5.1.tgz"
  "version" "3.5.1"
  dependencies:
    "@babel/runtime" "^7.6.2"
    "@react-aria/interactions" "^3.8.0"
    "@react-aria/utils" "^3.11.1"
    "@react-types/shared" "^3.11.0"
    "clsx" "^1.1.1"

"@react-aria/focus@^3.5.4":
  "integrity" "sha512-N70J6boUPUKjBfGnYDwUXi1r0HKjvo7RmD381QbDBqZNy/j5v/pgQ+aauSuIlsHa/TmmiRuynIm4Q0sWN4/hbQ=="
  "resolved" "https://registry.npmjs.org/@react-aria/focus/-/focus-3.5.4.tgz"
  "version" "3.5.4"
  dependencies:
    "@babel/runtime" "^7.6.2"
    "@react-aria/interactions" "^3.8.3"
    "@react-aria/utils" "^3.11.3"
    "@react-types/shared" "^3.11.2"
    "clsx" "^1.1.1"

"@react-aria/grid@^3.2.1":
  "integrity" "sha512-wtE+ufepg96bZW2pAEQD2MpBg0VMo0BrAuN4LDoviP3gqc9ViEUxIUu1hoSgsQqkCJI4ZIKrS+2ITH/G60W9lw=="
  "resolved" "https://registry.npmjs.org/@react-aria/grid/-/grid-3.2.5.tgz"
  "version" "3.2.5"
  dependencies:
    "@babel/runtime" "^7.6.2"
    "@react-aria/focus" "^3.5.4"
    "@react-aria/i18n" "^3.3.8"
    "@react-aria/interactions" "^3.8.3"
    "@react-aria/live-announcer" "^3.0.5"
    "@react-aria/selection" "^3.8.1"
    "@react-aria/utils" "^3.11.3"
    "@react-stately/grid" "^3.1.3"
    "@react-stately/selection" "^3.9.3"
    "@react-stately/virtualizer" "^3.1.8"
    "@react-types/checkbox" "^3.2.6"
    "@react-types/grid" "^3.0.3"
    "@react-types/shared" "^3.11.2"

"@react-aria/i18n@^3.3.5", "@react-aria/i18n@3.3.6":
  "integrity" "sha512-GOogCx5UR3RpkJSceQwwenLctaK7tbDP0DKzmaWQv1ZNUg9nr35w65VMq46WIGz2dIQhqydTagZP1Exci1KhkQ=="
  "resolved" "https://registry.npmjs.org/@react-aria/i18n/-/i18n-3.3.6.tgz"
  "version" "3.3.6"
  dependencies:
    "@babel/runtime" "^7.6.2"
    "@internationalized/date" "3.0.0-alpha.3"
    "@internationalized/message" "^3.0.5"
    "@internationalized/number" "^3.0.5"
    "@react-aria/ssr" "^3.1.2"
    "@react-aria/utils" "^3.11.2"
    "@react-types/shared" "^3.11.1"

"@react-aria/i18n@^3.3.8":
  "integrity" "sha512-9yEaBRJ6Lxd20mUPvzorIJraYp3TD1yKRo4BTTuO/Om9BPSp1VW8JhUuyMZNouo1oQffxddFXqppuayLPwhJlQ=="
  "resolved" "https://registry.npmjs.org/@react-aria/i18n/-/i18n-3.3.8.tgz"
  "version" "3.3.8"
  dependencies:
    "@babel/runtime" "^7.6.2"
    "@internationalized/date" "3.0.0-alpha.4"
    "@internationalized/message" "^3.0.5"
    "@internationalized/number" "^3.0.6"
    "@react-aria/ssr" "^3.1.2"
    "@react-aria/utils" "^3.11.3"
    "@react-types/shared" "^3.11.2"

"@react-aria/interactions@^3.8.0", "@react-aria/interactions@3.8.0":
  "integrity" "sha512-2NPyk9JM/Obd49+xm9pnSq8dGbe9t1YtQDZprOs/2hyyP6kZEfvQX1NruXcC+SuAMUPwI4R2eiCgLuMfkeUYrA=="
  "resolved" "https://registry.npmjs.org/@react-aria/interactions/-/interactions-3.8.0.tgz"
  "version" "3.8.0"
  dependencies:
    "@babel/runtime" "^7.6.2"
    "@react-aria/utils" "^3.11.1"
    "@react-types/shared" "^3.11.0"

"@react-aria/interactions@^3.8.3":
  "integrity" "sha512-zffWRqhEk4SQNbr5sv3BnMIsmQjtdhXvv3FLn9Ch0HxxGb8VStjrVPEv7r9OtVodab+ThcUehL4NJ8zU/U/4ew=="
  "resolved" "https://registry.npmjs.org/@react-aria/interactions/-/interactions-3.8.3.tgz"
  "version" "3.8.3"
  dependencies:
    "@babel/runtime" "^7.6.2"
    "@react-aria/utils" "^3.11.3"
    "@react-types/shared" "^3.11.2"

"@react-aria/label@^3.2.2", "@react-aria/label@3.2.2":
  "integrity" "sha512-boOXJJGp2+Rqmvqwj/ElfVGsK37/rLUcTZ9fzvN261TAj5mk8QITQ0ii9t6ueNJuuTVDucvOO6NtDhgWRYc4+A=="
  "resolved" "https://registry.npmjs.org/@react-aria/label/-/label-3.2.2.tgz"
  "version" "3.2.2"
  dependencies:
    "@babel/runtime" "^7.6.2"
    "@react-aria/utils" "^3.11.1"
    "@react-types/label" "^3.5.1"
    "@react-types/shared" "^3.11.0"

"@react-aria/live-announcer@^3.0.2", "@react-aria/live-announcer@^3.0.5":
  "integrity" "sha512-soIfCI8koNu3ZFlXzeYFnw3nzYqXt/yMDq9lhGXe/XbJ7Zq8m5Q4f+JhMhnAMN2OmazysJafXuq7rLp8wCv/TA=="
  "resolved" "https://registry.npmjs.org/@react-aria/live-announcer/-/live-announcer-3.0.5.tgz"
  "version" "3.0.5"
  dependencies:
    "@babel/runtime" "^7.6.2"
    "@react-aria/utils" "^3.11.3"
    "@react-aria/visually-hidden" "^3.2.7"

"@react-aria/selection@^3.7.2", "@react-aria/selection@^3.8.1":
  "integrity" "sha512-Nt6CtP+fZw4/oj/x9Ql+y41uaRGCA8qtyLIthFWorj+zniP4j0EPgT3iWuePgjk5mBxW5rQPdIJbg1pFFuEU8w=="
  "resolved" "https://registry.npmjs.org/@react-aria/selection/-/selection-3.8.1.tgz"
  "version" "3.8.1"
  dependencies:
    "@babel/runtime" "^7.6.2"
    "@react-aria/focus" "^3.5.4"
    "@react-aria/i18n" "^3.3.8"
    "@react-aria/interactions" "^3.8.3"
    "@react-aria/utils" "^3.11.3"
    "@react-stately/collections" "^3.3.7"
    "@react-stately/selection" "^3.9.3"
    "@react-types/shared" "^3.11.2"

"@react-aria/ssr@^3.1.1", "@react-aria/ssr@^3.1.2", "@react-aria/ssr@3.1.2":
  "integrity" "sha512-amXY11ImpokvkTMeKRHjsSsG7v1yzzs6yeqArCyBIk60J3Yhgxwx9Cah+Uu/804ATFwqzN22AXIo7SdtIaMP+g=="
  "resolved" "https://registry.npmjs.org/@react-aria/ssr/-/ssr-3.1.2.tgz"
  "version" "3.1.2"
  dependencies:
    "@babel/runtime" "^7.6.2"

"@react-aria/table@3.2.1":
  "integrity" "sha512-wFWpgMGzF8fcsYfl6etbAv8V7minb1AnF/vnOZrmHwqec+/QpxMm8B4ZIUH8JqNR9bAo9Rt+HF+8xsbOjZHj2g=="
  "resolved" "https://registry.npmjs.org/@react-aria/table/-/table-3.2.1.tgz"
  "version" "3.2.1"
  dependencies:
    "@babel/runtime" "^7.6.2"
    "@react-aria/focus" "^3.5.1"
    "@react-aria/grid" "^3.2.1"
    "@react-aria/i18n" "^3.3.5"
    "@react-aria/interactions" "^3.8.0"
    "@react-aria/live-announcer" "^3.0.2"
    "@react-aria/selection" "^3.7.2"
    "@react-aria/utils" "^3.11.1"
    "@react-stately/table" "^3.1.1"
    "@react-stately/virtualizer" "3.1.7-alpha.0"
    "@react-types/checkbox" "^3.2.4"
    "@react-types/grid" "^3.0.1"
    "@react-types/shared" "^3.11.0"
    "@react-types/table" "^3.1.1"

"@react-aria/toggle@^3.2.0":
  "integrity" "sha512-cB3gGV0pAEP6iDq4HLDQwW/6TTswOUyGbZBTXAjJNJRUa+RsZl/uO3odBoQBo4ToohsLHvL6OcrZxWFlbZsUbw=="
  "resolved" "https://registry.npmjs.org/@react-aria/toggle/-/toggle-3.2.3.tgz"
  "version" "3.2.3"
  dependencies:
    "@babel/runtime" "^7.6.2"
    "@react-aria/focus" "^3.5.4"
    "@react-aria/interactions" "^3.8.3"
    "@react-aria/utils" "^3.11.3"
    "@react-stately/toggle" "^3.2.6"
    "@react-types/checkbox" "^3.2.6"
    "@react-types/shared" "^3.11.2"
    "@react-types/switch" "^3.1.5"

"@react-aria/utils@^3.11.1", "@react-aria/utils@3.11.1":
  "integrity" "sha512-sD/9EVinZIvuvzAjJMs2YYOz74DELolU0pDBHWuFAAOffJw9gBy8X/HxkmG91X4gwxRzy9jlJAFEEChoqtmHFA=="
  "resolved" "https://registry.npmjs.org/@react-aria/utils/-/utils-3.11.1.tgz"
  "version" "3.11.1"
  dependencies:
    "@babel/runtime" "^7.6.2"
    "@react-aria/ssr" "^3.1.1"
    "@react-stately/utils" "^3.4.0"
    "@react-types/shared" "^3.11.0"
    "clsx" "^1.1.1"

"@react-aria/utils@^3.11.2":
  "integrity" "sha512-EH3SyA3FtbhuOj1cgGveiEYidKe3CgGYkP8D57O46rlTWcgTxhGHUEibGeJw3PFXxmbgm5RIOdBo29YwItvtcQ=="
  "resolved" "https://registry.npmjs.org/@react-aria/utils/-/utils-3.11.3.tgz"
  "version" "3.11.3"
  dependencies:
    "@babel/runtime" "^7.6.2"
    "@react-aria/ssr" "^3.1.2"
    "@react-stately/utils" "^3.4.1"
    "@react-types/shared" "^3.11.2"
    "clsx" "^1.1.1"

"@react-aria/utils@^3.11.3":
  "integrity" "sha512-EH3SyA3FtbhuOj1cgGveiEYidKe3CgGYkP8D57O46rlTWcgTxhGHUEibGeJw3PFXxmbgm5RIOdBo29YwItvtcQ=="
  "resolved" "https://registry.npmjs.org/@react-aria/utils/-/utils-3.11.3.tgz"
  "version" "3.11.3"
  dependencies:
    "@babel/runtime" "^7.6.2"
    "@react-aria/ssr" "^3.1.2"
    "@react-stately/utils" "^3.4.1"
    "@react-types/shared" "^3.11.2"
    "clsx" "^1.1.1"

"@react-aria/visually-hidden@^3.2.7":
  "integrity" "sha512-rvE0N91nBa7DxcH6KyapjttWQJFhRqeFBfGA9oCeGgTYLsn5CBvnKMLQEm2Z7ZlUcl08Xh2nB2KxKrRQ4ldYlw=="
  "resolved" "https://registry.npmjs.org/@react-aria/visually-hidden/-/visually-hidden-3.2.7.tgz"
  "version" "3.2.7"
  dependencies:
    "@babel/runtime" "^7.6.2"
    "@react-aria/interactions" "^3.8.3"
    "@react-aria/utils" "^3.11.3"
    "clsx" "^1.1.1"

"@react-aria/visually-hidden@3.2.4":
  "integrity" "sha512-o1ToUW+/kQ8+PWOuEFxW77eT9ZhLjws+Ynik1ew4ocgJGQyPpFQ0P2riM9idopXOzLmuUyHeBMGPN1JnTwQ4ZQ=="
  "resolved" "https://registry.npmjs.org/@react-aria/visually-hidden/-/visually-hidden-3.2.4.tgz"
  "version" "3.2.4"
  dependencies:
    "@babel/runtime" "^7.6.2"
    "@react-aria/interactions" "^3.8.0"
    "@react-aria/utils" "^3.11.1"
    "clsx" "^1.1.1"

"@react-stately/checkbox@^3.0.4":
  "integrity" "sha512-RrXJlEtp2q3g6Yex9QI8/tRJhIDmG1oKc5+VyVvdxp0NXtK0Zz+ycIlXuzcI5gwlBemv5ETxbIG4p5gdNXVeKA=="
  "resolved" "https://registry.npmjs.org/@react-stately/checkbox/-/checkbox-3.0.6.tgz"
  "version" "3.0.6"
  dependencies:
    "@babel/runtime" "^7.6.2"
    "@react-stately/toggle" "^3.2.6"
    "@react-stately/utils" "^3.4.1"
    "@react-types/checkbox" "^3.2.6"

"@react-stately/collections@^3.3.5", "@react-stately/collections@^3.3.7":
  "integrity" "sha512-SbXFsImuxzKed6tzIZeKnkO4631PPoR+apSv2J42qbUEZ0tuyD6a+vQ9lkB1P06bZ0zAjDg5oNOwqGo4yUvp/Q=="
  "resolved" "https://registry.npmjs.org/@react-stately/collections/-/collections-3.3.7.tgz"
  "version" "3.3.7"
  dependencies:
    "@babel/runtime" "^7.6.2"
    "@react-types/shared" "^3.11.2"

"@react-stately/data@3.4.5":
  "integrity" "sha512-IbAuoG6iuO52eKLhB7lvo3i7nAk76i8Q8eqkAkyx2w6Yi68cruUyQ2kmx/FoNyCSfKyGCGT8VOSSYBR3mxjpvw=="
  "resolved" "https://registry.npmjs.org/@react-stately/data/-/data-3.4.5.tgz"
  "version" "3.4.5"
  dependencies:
    "@babel/runtime" "^7.6.2"
    "@react-types/shared" "^3.11.1"

"@react-stately/grid@^3.1.1", "@react-stately/grid@^3.1.3":
  "integrity" "sha512-NDNCxq+6f2wxoA+i/Rp99GCieMwFwSjWJU9eVTQCYCA5gp6mp7occnlh5840xTDtkJbb9uAsm6Ikv5+I5a42gA=="
  "resolved" "https://registry.npmjs.org/@react-stately/grid/-/grid-3.1.3.tgz"
  "version" "3.1.3"
  dependencies:
    "@babel/runtime" "^7.6.2"
    "@react-stately/selection" "^3.9.3"
    "@react-types/grid" "^3.0.3"
    "@react-types/shared" "^3.11.2"

"@react-stately/selection@^3.9.1", "@react-stately/selection@^3.9.3":
  "integrity" "sha512-Bg3qa6zuQcTbkQFwNr8e3WjyOBNRSf0ql9qn5HeQvDxnH8z65oqm0MKQ7FOiKSj7XEc/agZK8/yd8fQoeAHnXg=="
  "resolved" "https://registry.npmjs.org/@react-stately/selection/-/selection-3.9.3.tgz"
  "version" "3.9.3"
  dependencies:
    "@babel/runtime" "^7.6.2"
    "@react-stately/collections" "^3.3.7"
    "@react-stately/utils" "^3.4.1"
    "@react-types/shared" "^3.11.2"

"@react-stately/table@^3.1.1", "@react-stately/table@3.1.1":
  "integrity" "sha512-4sLTv88xd/sM4utcbCB/WS9LawblzLWThOuKKMxllkR/QrMQklH9FLiLVs20doSVN/CdNvER5IFkl0+NNFYMjg=="
  "resolved" "https://registry.npmjs.org/@react-stately/table/-/table-3.1.1.tgz"
  "version" "3.1.1"
  dependencies:
    "@babel/runtime" "^7.6.2"
    "@react-stately/collections" "^3.3.5"
    "@react-stately/grid" "^3.1.1"
    "@react-stately/selection" "^3.9.1"
    "@react-types/grid" "^3.0.1"
    "@react-types/shared" "^3.11.0"
    "@react-types/table" "^3.1.1"

"@react-stately/toggle@^3.2.4", "@react-stately/toggle@3.2.4":
  "integrity" "sha512-WMyrs20vBPIkaP0PFjWQiZSaZoWQDNvtbCVAf6UH/0MTPMqJDR+r4dH8q9C+aOqM4UHiR3wQa2JjiwAxj5rSXQ=="
  "resolved" "https://registry.npmjs.org/@react-stately/toggle/-/toggle-3.2.4.tgz"
  "version" "3.2.4"
  dependencies:
    "@babel/runtime" "^7.6.2"
    "@react-stately/utils" "^3.4.0"
    "@react-types/checkbox" "^3.2.4"
    "@react-types/shared" "^3.11.0"

"@react-stately/toggle@^3.2.6":
  "integrity" "sha512-M/+iX6eHYZScKfaOQvp3KqityOuRTWLOgskCNlnQBTq5VSszuD2p4uWxJQWXq3DbU+q872Fz4vJ7eTc2l9YA/Q=="
  "resolved" "https://registry.npmjs.org/@react-stately/toggle/-/toggle-3.2.6.tgz"
  "version" "3.2.6"
  dependencies:
    "@babel/runtime" "^7.6.2"
    "@react-stately/utils" "^3.4.1"
    "@react-types/checkbox" "^3.2.6"
    "@react-types/shared" "^3.11.2"

"@react-stately/utils@^3.4.0", "@react-stately/utils@^3.4.1":
  "integrity" "sha512-mjFbKklj/W8KRw1CQSpUJxHd7lhUge4i00NwJTwGxbzmiJgsTWlKKS/1rBf48ey9hUBopXT5x5vG/AxQfWTQug=="
  "resolved" "https://registry.npmjs.org/@react-stately/utils/-/utils-3.4.1.tgz"
  "version" "3.4.1"
  dependencies:
    "@babel/runtime" "^7.6.2"

"@react-stately/virtualizer@^3.1.8":
  "integrity" "sha512-tqOv9UiDgP8y9XJFFmV5tyuiJGmM5rMH4p8VpqNl/1ZgCmqt0XEPEVybYo1RsZoEcVVnZNXeYSLckCxXA307yg=="
  "resolved" "https://registry.npmjs.org/@react-stately/virtualizer/-/virtualizer-3.1.8.tgz"
  "version" "3.1.8"
  dependencies:
    "@babel/runtime" "^7.6.2"
    "@react-aria/utils" "^3.11.3"
    "@react-types/shared" "^3.11.2"

"@react-stately/virtualizer@3.1.7-alpha.0":
  "integrity" "sha512-0M7HUIJclA20wAdHslMlSrzsyI5TidZXBNVj8xz49CUAwIl+MHp4vCY+IsitnFvtvB0dSvax9XfD9Rnr23Tzlw=="
  "resolved" "https://registry.npmjs.org/@react-stately/virtualizer/-/virtualizer-3.1.7-alpha.0.tgz"
  "version" "3.1.7-alpha.0"
  dependencies:
    "@babel/runtime" "^7.6.2"
    "@react-aria/utils" "^3.11.1"
    "@react-types/shared" "^3.11.0"

"@react-types/button@^3.4.4":
  "integrity" "sha512-PdHoNC2ezkzfneRdDTWJ8dOzL56MnLzjcDpnHRTbGFsWrwe+wAywls2ZJR6m411RyRim4A6+1UIKXga9AJ43uA=="
  "resolved" "https://registry.npmjs.org/@react-types/button/-/button-3.4.4.tgz"
  "version" "3.4.4"
  dependencies:
    "@react-types/shared" "^3.11.2"

"@react-types/checkbox@^3.2.4", "@react-types/checkbox@^3.2.6", "@react-types/checkbox@3.2.6":
  "integrity" "sha512-bOQAnnDEpXL1P4oRBiwjnOskKQtawc+JcRZzQk/9k7NwKWfv5MHG/MFDJsW057GPm9Ks0onNATohtw6LFvzAQA=="
  "resolved" "https://registry.npmjs.org/@react-types/checkbox/-/checkbox-3.2.6.tgz"
  "version" "3.2.6"
  dependencies:
    "@react-types/shared" "^3.11.2"

"@react-types/grid@^3.0.1", "@react-types/grid@3.0.1":
  "integrity" "sha512-D5pEItMhT3Khz9xDdkC5hi6gAKVjjuSSCD8VxzDxd885Kk1xWJZjsYPCDKNFaifmt7LZEXo4JiAMg2M2WRqiQA=="
  "resolved" "https://registry.npmjs.org/@react-types/grid/-/grid-3.0.1.tgz"
  "version" "3.0.1"
  dependencies:
    "@react-types/shared" "^3.11.0"

"@react-types/grid@^3.0.3":
  "integrity" "sha512-zIzRV7HULy0FlzWUQLaq6Mwr0bk3+s6+ZwzJeTq+dm1wYIcWr47AK4GsDUzHZo06CDEZBBIEvEU6sN29AzF8EQ=="
  "resolved" "https://registry.npmjs.org/@react-types/grid/-/grid-3.0.3.tgz"
  "version" "3.0.3"
  dependencies:
    "@react-types/shared" "^3.11.2"

"@react-types/label@^3.5.1":
  "integrity" "sha512-YleKhsN2j17tQx2B8W6Hq8bVzIY/Q5b5YS/8oyey4WfsbIZXWJNXFH8DgQ4hVUxxAplwsRnxOmtiBYLWFMeXQg=="
  "resolved" "https://registry.npmjs.org/@react-types/label/-/label-3.5.3.tgz"
  "version" "3.5.3"
  dependencies:
    "@react-types/shared" "^3.11.2"

"@react-types/shared@^3.11.0", "@react-types/shared@3.11.0":
  "integrity" "sha512-BLKHwS94m+/731RZ4tgsr0uT7oJCioCNIfzFmZBZuZtASqpXJVsRhn2omweMD0e3uH2atxuwIZbf0WUW3Y6CRw=="
  "resolved" "https://registry.npmjs.org/@react-types/shared/-/shared-3.11.0.tgz"
  "version" "3.11.0"

"@react-types/shared@^3.11.1", "@react-types/shared@^3.11.2":
  "integrity" "sha512-MIjjjkFi/DTzMVmeFJJrpc51eS/PLNzLZEv6o/QJPhQ9uOMElYqA790qAcG75u3tR0XGU2Vv9RyeOC7+ppw8/Q=="
  "resolved" "https://registry.npmjs.org/@react-types/shared/-/shared-3.11.2.tgz"
  "version" "3.11.2"

"@react-types/switch@^3.1.5":
  "integrity" "sha512-ZCqMGg0NievmgMuzCuW3f/6cHO6PXbFNULd1DXaPxSxKitiDrNFrE0Y6ui3LtYhKosICJ/Z7EeEDGb8FAyyT9g=="
  "resolved" "https://registry.npmjs.org/@react-types/switch/-/switch-3.1.5.tgz"
  "version" "3.1.5"
  dependencies:
    "@react-types/checkbox" "^3.2.6"
    "@react-types/shared" "^3.11.2"

"@react-types/table@^3.1.1":
  "integrity" "sha512-l5ZmoPEnnMNUOW/mC7x/HDXC0CmHGz5IpWBPbV1aJtQCxRD42yosMaP8pT48EPZjupSeEuUGVFW2sZQlEjHbwg=="
  "resolved" "https://registry.npmjs.org/@react-types/table/-/table-3.1.3.tgz"
  "version" "3.1.3"
  dependencies:
    "@react-types/grid" "^3.0.3"
    "@react-types/shared" "^3.11.2"

"@stitches/react@1.2.7":
  "integrity" "sha512-6AxpUag7OW55ANzRnuy7R15FEyQeZ66fytVo3BBilFIU0mfo3t49CAMcEAL/A1SbhSj/FCdWkn/XrbjGBTJTzg=="
  "resolved" "https://registry.npmjs.org/@stitches/react/-/react-1.2.7.tgz"
  "version" "1.2.7"

"@types/node@^12.12.21":
  "integrity" "sha512-BzcaRsnFuznzOItW1WpQrDHM7plAa7GIDMZ6b5pnMbkqEtM/6WCOhvZar39oeMQP79gwvFUWjjptE7/KGcNqFg=="
  "resolved" "https://registry.npmjs.org/@types/node/-/node-12.20.47.tgz"
  "version" "12.20.47"

"@types/prop-types@*":
  "integrity" "sha512-rZ5drC/jWjrArrS8BR6SIr4cWpW09RNTYt9AMZo3Jwwif+iacXAqgVjm0B0Bv/S1jhDXKHqRVNCbACkJ89RAnQ=="
  "resolved" "https://registry.npmjs.org/@types/prop-types/-/prop-types-15.7.4.tgz"
  "version" "15.7.4"

"@types/react-dom@^17.0.1":
  "integrity" "sha512-H03xwEP1oXmSfl3iobtmQ/2dHF5aBHr8aUMwyGZya6OW45G+xtdzmq6HkncefiBt5JU8DVyaWl/nWZbjZCnzAQ=="
  "resolved" "https://registry.npmjs.org/@types/react-dom/-/react-dom-17.0.14.tgz"
  "version" "17.0.14"
  dependencies:
    "@types/react" "*"

"@types/react@*", "@types/react@^17.0.2":
  "integrity" "sha512-8Q+LNpdxf057brvPu1lMtC5Vn7J119xrP1aq4qiaefNioQUYANF/CYeK4NsKorSZyUGJ66g0IM+4bbjwx45o2A=="
  "resolved" "https://registry.npmjs.org/@types/react/-/react-17.0.43.tgz"
  "version" "17.0.43"
  dependencies:
    "@types/prop-types" "*"
    "@types/scheduler" "*"
    "csstype" "^3.0.2"

"@types/scheduler@*":
  "integrity" "sha512-hppQEBDmlwhFAXKJX2KnWLYu5yMfi91yazPb2l+lbJiwW+wdo1gNeRA+3RgNSO39WYX2euey41KEwnqesU2Jew=="
  "resolved" "https://registry.npmjs.org/@types/scheduler/-/scheduler-0.16.2.tgz"
  "version" "0.16.2"

"caniuse-lite@^1.0.30001283":
  "integrity" "sha512-sB1bZHjseSjDtijV1Hb7PB2Zd58Kyx+n/9EotvZ4Qcz2K3d0lWB8dB4nb8wN/TsOGFq3UuAm0zQZNQ4SoR7TrQ=="
  "resolved" "https://registry.npmjs.org/caniuse-lite/-/caniuse-lite-1.0.30001325.tgz"
  "version" "1.0.30001325"

"clsx@^1.1.1":
  "integrity" "sha512-6/bPho624p3S2pMyvP5kKBPXnI3ufHLObBFCfgx+LkeR5lg2XYy2hqZqUf45ypD8COn2bhgGJSUE+l5dhNBieA=="
  "resolved" "https://registry.npmjs.org/clsx/-/clsx-1.1.1.tgz"
  "version" "1.1.1"

"csstype@^3.0.2":
  "integrity" "sha512-sa6P2wJ+CAbgyy4KFssIb/JNMLxFvKF1pCYCSXS8ZMuqZnMsrxqI2E5sPyoTpxoPU/gVZMzr2zjOfg8GIZOMsw=="
  "resolved" "https://registry.npmjs.org/csstype/-/csstype-3.0.11.tgz"
  "version" "3.0.11"

"intl-messageformat@^9.6.12":
  "integrity" "sha512-5Q9j21JreB1G27/CqMYsA+pvJ19JjHyhiTSeUuvZK9BCDJGHtOLgpUUcGM+GLHiUuoVMKVeeX1smamiVHQrSKQ=="
  "resolved" "https://registry.npmjs.org/intl-messageformat/-/intl-messageformat-9.12.0.tgz"
  "version" "9.12.0"
  dependencies:
    "@formatjs/ecma402-abstract" "1.11.4"
    "@formatjs/fast-memoize" "1.2.1"
    "@formatjs/icu-messageformat-parser" "2.0.19"
    "tslib" "^2.1.0"

"js-tokens@^3.0.0 || ^4.0.0":
  "integrity" "sha512-RdJUflcE3cUzKiMqQgsCu06FPu9UdIJO0beYbPhHN4k6apgJtifcoCtT9bcxOpYBtpD2kCM6Sbzg4CausW/PKQ=="
  "resolved" "https://registry.npmjs.org/js-tokens/-/js-tokens-4.0.0.tgz"
  "version" "4.0.0"

"loose-envify@^1.1.0":
  "integrity" "sha512-lyuxPGr/Wfhrlem2CL/UcnUc1zcqKAImBDzukY7Y5F/yQiNdko6+fRLevlw1HgMySw7f611UIY408EtxRSoK3Q=="
  "resolved" "https://registry.npmjs.org/loose-envify/-/loose-envify-1.4.0.tgz"
  "version" "1.4.0"
  dependencies:
    "js-tokens" "^3.0.0 || ^4.0.0"

"nanoid@^3.1.30":
  "integrity" "sha512-CuHBogktKwpm5g2sRgv83jEy2ijFzBwMoYA60orPDR7ynsLijJDqgsi4RDGj3OJpy3Ieb+LYwiRmIOGyytgITA=="
  "resolved" "https://registry.npmjs.org/nanoid/-/nanoid-3.3.2.tgz"
  "version" "3.3.2"

"next@latest":
  "integrity" "sha512-DA4g97BM4Z0nKtDvCTm58RxdvoQyYzeg0AeVbh0N4Y/D8ELrNu47lQeEgRGF8hV4eQ+Sal90zxrJQQG/mPQ8CQ=="
  "resolved" "https://registry.npmjs.org/next/-/next-12.1.4.tgz"
  "version" "12.1.4"
  dependencies:
    "@next/env" "12.1.4"
    "caniuse-lite" "^1.0.30001283"
    "postcss" "8.4.5"
    "styled-jsx" "5.0.1"
  optionalDependencies:
    "@next/swc-android-arm-eabi" "12.1.4"
    "@next/swc-android-arm64" "12.1.4"
    "@next/swc-darwin-arm64" "12.1.4"
    "@next/swc-darwin-x64" "12.1.4"
    "@next/swc-linux-arm-gnueabihf" "12.1.4"
    "@next/swc-linux-arm64-gnu" "12.1.4"
    "@next/swc-linux-arm64-musl" "12.1.4"
    "@next/swc-linux-x64-gnu" "12.1.4"
    "@next/swc-linux-x64-musl" "12.1.4"
    "@next/swc-win32-arm64-msvc" "12.1.4"
    "@next/swc-win32-ia32-msvc" "12.1.4"
    "@next/swc-win32-x64-msvc" "12.1.4"

"object-assign@^4.1.1":
  "integrity" "sha1-IQmtx5ZYh8/AXLvUQsrIv7s2CGM="
  "resolved" "https://registry.npmjs.org/object-assign/-/object-assign-4.1.1.tgz"
  "version" "4.1.1"

"picocolors@^1.0.0":
  "integrity" "sha512-1fygroTLlHu66zi26VoTDv8yRgm0Fccecssto+MhsZ0D/DGW2sm8E8AjW7NU5VVTRt5GxbeZ5qBuJr+HyLYkjQ=="
  "resolved" "https://registry.npmjs.org/picocolors/-/picocolors-1.0.0.tgz"
  "version" "1.0.0"

"postcss@8.4.5":
  "integrity" "sha512-jBDboWM8qpaqwkMwItqTQTiFikhs/67OYVvblFFTM7MrZjt6yMKd6r2kgXizEbTTljacm4NldIlZnhbjr84QYg=="
  "resolved" "https://registry.npmjs.org/postcss/-/postcss-8.4.5.tgz"
  "version" "8.4.5"
  dependencies:
    "nanoid" "^3.1.30"
    "picocolors" "^1.0.0"
    "source-map-js" "^1.0.1"

"react-dom@^16.8.0 || ^17.0.0-rc.1", "react-dom@^17.0.2", "react-dom@^17.0.2 || ^18.0.0-0", "react-dom@>=16.8.0":
  "integrity" "sha512-s4h96KtLDUQlsENhMn1ar8t2bEa+q/YAtj8pPPdIjPDGBDIVNsrD9aXNWqspUe6AzKCIG0C1HZZLqLV7qpOBGA=="
  "resolved" "https://registry.npmjs.org/react-dom/-/react-dom-17.0.2.tgz"
  "version" "17.0.2"
  dependencies:
    "loose-envify" "^1.1.0"
    "object-assign" "^4.1.1"
    "scheduler" "^0.20.2"

"react-icons@^4.3.1":
  "integrity" "sha512-cB10MXLTs3gVuXimblAdI71jrJx8njrJZmNMEMC+sQu5B/BIOmlsAjskdqpn81y8UBVEGuHODd7/ci5DvoSzTQ=="
  "resolved" "https://registry.npmjs.org/react-icons/-/react-icons-4.3.1.tgz"
  "version" "4.3.1"

"react@*", "react@^16.8.0 || ^17.0.0-rc.1", "react@^17.0.2", "react@^17.0.2 || ^18.0.0-0", "react@>= 16.3.0", "react@>= 16.8.0 || 17.x.x || ^18.0.0-0", "react@>=16.8.0", "react@17.0.2":
  "integrity" "sha512-gnhPt75i/dq/z3/6q/0asP78D0u592D5L1pd7M8P+dck6Fu/jJeL6iVVK23fptSUZj8Vjf++7wXA8UNclGQcbA=="
  "resolved" "https://registry.npmjs.org/react/-/react-17.0.2.tgz"
  "version" "17.0.2"
  dependencies:
    "loose-envify" "^1.1.0"
    "object-assign" "^4.1.1"

"regenerator-runtime@^0.13.4":
  "integrity" "sha512-p3VT+cOEgxFsRRA9X4lkI1E+k2/CtnKtU4gcxyaCUreilL/vqI6CdZ3wxVUx3UOUg+gnUOQQcRI7BmSI656MYA=="
  "resolved" "https://registry.npmjs.org/regenerator-runtime/-/regenerator-runtime-0.13.9.tgz"
  "version" "0.13.9"

"scheduler@^0.20.2":
  "integrity" "sha512-2eWfGgAqqWFGqtdMmcL5zCMK1U8KlXv8SQFGglL3CEtd0aDVDWgeF/YoCmvln55m5zSk3J/20hTaSBeSObsQDQ=="
  "resolved" "https://registry.npmjs.org/scheduler/-/scheduler-0.20.2.tgz"
  "version" "0.20.2"
  dependencies:
    "loose-envify" "^1.1.0"
    "object-assign" "^4.1.1"

"source-map-js@^1.0.1":
  "integrity" "sha512-R0XvVJ9WusLiqTCEiGCmICCMplcCkIwwR11mOSD9CR5u+IXYdiseeEuXCVAjS54zqwkLcPNnmU4OeJ6tUrWhDw=="
  "resolved" "https://registry.npmjs.org/source-map-js/-/source-map-js-1.0.2.tgz"
  "version" "1.0.2"

"styled-jsx@5.0.1":
  "integrity" "sha512-+PIZ/6Uk40mphiQJJI1202b+/dYeTVd9ZnMPR80pgiWbjIwvN2zIp4r9et0BgqBuShh48I0gttPlAXA7WVvBxw=="
  "resolved" "https://registry.npmjs.org/styled-jsx/-/styled-jsx-5.0.1.tgz"
  "version" "5.0.1"

"tslib@^2.1.0":
  "integrity" "sha512-77EbyPPpMz+FRFRuAFlWMtmgUWGe9UOG2Z25NqCwiIjRhOf5iKGuzSe5P2w1laq+FkRy4p+PCuVkJSGkzTEKVw=="
  "resolved" "https://registry.npmjs.org/tslib/-/tslib-2.3.1.tgz"
  "version" "2.3.1"

"typescript@4.0":
  "integrity" "sha512-oz1765PN+imfz1MlZzSZPtC/tqcwsCyIYA8L47EkRnRW97ztRk83SzMiWLrnChC0vqoYxSU1fcFUDA5gV/ZiPg=="
  "resolved" "https://registry.npmjs.org/typescript/-/typescript-4.0.8.tgz"
  "version" "4.0.8"
